github.com/Sirupsen/logrus v0.8.7-0.20150827021434-84b968cb9f82 h1:Y8lEiaBpbhkEIXlVU3I9wOlx73c6y2TtF+8gaHlzLyM=
github.com/Sirupsen/logrus v0.8.7-0.20150827021434-84b968cb9f82/go.mod h1:rmk17hk6i8ZSAJkSDa7nOxamrG+SP4P0mm+DAvExv4U=
github.com/Sirupsen/logrus v0.11.5 h1:aIMrrsnipdTlAieMe7FC/iiuJ0+ELiXCT4YiVQiK9j8=
github.com/Sirupsen/logrus v0.11.5/go.mod h1:rmk17hk6i8ZSAJkSDa7nOxamrG+SP4P0mm+DAvExv4U=
github.com/davecgh/go-spew v1.1.0 h1:ZDRjVQ15GmhC3fiQ8ni8+OwkZQO4DARzQgrnXU1Liz8=
github.com/davecgh/go-spew v1.1.0/go.mod h1:J7Y8YcW2NihsgmVo/mv3lAwl/skON4iLHjSsI+c5H38=
github.com/gin-gonic/gin v0.0.0-20150925101445-52fcc5dbf6e9 h1:v1jGowR+pK6/awfRQQZw4FKyqeJGFvZpWR70LRFUzGk=
github.com/gin-gonic/gin v0.0.0-20150925101445-52fcc5dbf6e9/go.mod h1:7cKuhb5qV2ggCFctp2fJQ+ErvciLZrIeoOSOm6mUr7Y=
github.com/kr/fs v0.0.0-20131111012553-2788f0dbd169 h1:YUrU1/jxRqnt0PSrKj1Uj/wEjk/fjnE80QFfi2Zlj7Q=
github.com/kr/fs v0.0.0-20131111012553-2788f0dbd169/go.mod h1:glhvuHOU9Hy7/8PwwdtnarXqLagOX0b/TbZx2zLMqEg=
github.com/kr/fs v0.1.0 h1:Jskdu9ieNAYnjxsi0LbQp1ulIKZV1LAFgK1tWhpZgl8=
github.com/kr/fs v0.1.0/go.mod h1:FFnZGqtBN9Gxj7eW1uZ42v5BccTP0vu6NEaFoC2HwRg=
github.com/manucorporat/sse v0.0.0-20150715184805-fe6ea2c8e398 h1:dpbqQadB3NxFdAIk2VxZKXGDDGzle12DjOL3arqwhTM=
github.com/manucorporat/sse v0.0.0-20150715184805-fe6ea2c8e398/go.mod h1:zUx1mhth20V3VKgL5jbd1BSQcW4Fy6Qs4PZvQwRFwzM=
github.com/mattn/go-colorable v0.0.0-20150625154642-40e4aedc8fab h1:3lgod/2wdM8WaJNBe16LkFmrz2XkXbH2YhbRWh38W9U=
github.com/mattn/go-colorable v0.0.0-20150625154642-40e4aedc8fab/go.mod h1:9vuHe8Xs5qXnSaW/c/ABM9alt+Vo+STaOChaDxuIBZU=
github.com/mattn/go-isatty v0.0.12 h1:wuysRhFDzyxgEmMf5xjvJ2M9dZoWAXNNr5LSBS7uHXY=
github.com/mattn/go-isatty v0.0.12/go.mod h1:cbi8OIDigv2wuxKPP5vlRcQ1OAZbq2CE4Kysco4FUpU=
github.com/pmezard/go-difflib v1.0.0 h1:4DBwDE0NGyQoBHbLQYPwSUPoCMWR5BEzIk/f1lZbAQM=
github.com/pmezard/go-difflib v1.0.0/go.mod h1:iKH77koFhYxTK1pcRnkKkqfTogsbg7gZNVY4sRDYZ/4=
github.com/stretchr/objx v0.1.0/go.mod h1:HFkY916IF+rwdDfMAkV7OtwuqBVzrE8GR6GFx+wExME=
github.com/stretchr/testify v1.6.1 h1:hDPOHmpOpP40lSULcqw7IrRb/u7w6RpDC9399XyoNd0=
github.com/stretchr/testify v1.6.1/go.mod h1:6Fq8oRcR53rry900zMqJjRRixrwX3KX962/h/Wwjteg=
github.com/wtolson/go-taglib v0.0.0-20151114194754-6e68349ff94e h1:PDhOkd4Rc11RgFOaaJjSbWfm0oQygvq7vMDGwhgXHl8=
github.com/wtolson/go-taglib v0.0.0-20151114194754-6e68349ff94e/go.mod h1:p+WHGfN/a+Ol37Pm7EIOO/6Cylieb2qn1jmKfxtSsUg=
github.com/wtolson/go-taglib v0.0.0-20210406152913-79209c280058 h1:/kj9W8wSHTlwt/i4n6902i/YOPYNIXiDR/PAmgbrDyc=
github.com/wtolson/go-taglib v0.0.0-20210406152913-79209c280058/go.mod h1:p+WHGfN/a+Ol37Pm7EIOO/6Cylieb2qn1jmKfxtSsUg=
golang.org/x/net v0.0.0-20150824032521-7654728e3819 h1:XRcggqNsIsAofmvtiWccKgOnhFIngL8GNb1U5hzV0sw=
golang.org/x/net v0.0.0-20150824032521-7654728e3819/go.mod h1:mL1N/T3taQHkDXs73rZJwtUhF3w3ftmwwsq0BUmARs4=
golang.org/x/sys v0.0.0-20200116001909-b77594299b42 h1:vEOn+mP2zCOVzKckCZy6YsCtDblrpj/w7B9nxGNELpg=
golang.org/x/sys v0.0.0-20200116001909-b77594299b42/go.mod h1:h1NjWce9XRLGQEsW7wpKNCjG9DtNlClVuFLEZdDNbEs=
gopkg.in/bluesuncorp/validator.v5 v5.10.4-0.20150924114428-d5acf1dac437 h1:UEByIuvne3xoO7+ejFvnk8Y02DxO6SX8Fly3mKdMjKE=
gopkg.in/bluesuncorp/validator.v5 v5.10.4-0.20150924114428-d5acf1dac437/go.mod h1:ScQmud/GM3iSR85jRE+8BI8E8oFv5oj4qyd5Xaw7hgE=
gopkg.in/check.v1 v0.0.0-20161208181325-20d25e280405 h1:yhCVgyC4o1eVCa2tZl7eS0r+SDo693bJlVdllGtEeKM=
gopkg.in/check.v1 v0.0.0-20161208181325-20d25e280405/go.mod h1:Co6ibVJAznAaIkqp8huTwlJQCZ016jof/cbN4VW5Yz0=
gopkg.in/go-playground/validator.v5 v5.10.3 h1:hJZ0N9PLsXzEhq4urxqhWd4velHX2LmWkrM7C2AHcxU=
gopkg.in/go-playground/validator.v5 v5.10.3/go.mod h1:HtDerKUnQ35Yk5mRds1w53gNByNl+wb0fHgTnTk5Z4M=
gopkg.in/yaml.v3 v3.0.0-20200313102051-9f266ea9e77c h1:dUUwHk2QECo/6vqA44rthZ8ie2QXMNeKRTHCNY2nXvo=
gopkg.in/yaml.v3 v3.0.0-20200313102051-9f266ea9e77c/go.mod h1:K4uyk7z7BCEPqu6E+C64Yfv1cQ7kz7rIZviUmN+EgEM=
